PODS:
  - Brightcove-Player-Core/dynamic (6.0.5)
  - Brightcove-Player-IMA (6.0.5):
    - Brightcove-Player-Core/dynamic (= 6.0.5)
    - GoogleAds-IMA-iOS-SDK (= 3.5.2)
  - GoogleAds-IMA-iOS-SDK (3.5.2)

DEPENDENCIES:
  - Brightcove-Player-IMA

SPEC CHECKSUMS:
  Brightcove-Player-Core: 0c2888bb6c907e650ba2bba8921605e84ff4ea56
  Brightcove-Player-IMA: 28132d764abc698257f3f9e6a1e6e85440823467
  GoogleAds-IMA-iOS-SDK: a0692ecc51d7c8816d5245edfb8a69c553cd84d4

PODFILE CHECKSUM: a5ed05bbf530300918b3b5431883a9f0b4472432

COCOAPODS: 1.3.1
