// !$*UTF8*$!
{
	archiveVersion = 1;
	classes = {
	};
	objectVersion = 46;
	objects = {

/* Begin PBXBuildFile section */
		381A66CA1F633FB700E458B1 /* AppDelegate.swift in Sources */ = {isa = PBXBuildFile; fileRef = 381A66C91F633FB700E458B1 /* AppDelegate.swift */; };
		381A66CC1F633FB700E458B1 /* ViewController.swift in Sources */ = {isa = PBXBuildFile; fileRef = 381A66CB1F633FB700E458B1 /* ViewController.swift */; };
		381A66CF1F633FB700E458B1 /* Main.storyboard in Resources */ = {isa = PBXBuildFile; fileRef = 381A66CD1F633FB700E458B1 /* Main.storyboard */; };
		381A66D11F633FB700E458B1 /* Assets.xcassets in Resources */ = {isa = PBXBuildFile; fileRef = 381A66D01F633FB700E458B1 /* Assets.xcassets */; };
		381A66D41F633FB700E458B1 /* LaunchScreen.storyboard in Resources */ = {isa = PBXBuildFile; fileRef = 381A66D21F633FB700E458B1 /* LaunchScreen.storyboard */; };
		381A66DF1F633FB700E458B1 /* VC_IMA_iOS_SwiftTests.swift in Sources */ = {isa = PBXBuildFile; fileRef = 381A66DE1F633FB700E458B1 /* VC_IMA_iOS_SwiftTests.swift */; };
		381A66EA1F633FB700E458B1 /* VC_IMA_iOS_SwiftUITests.swift in Sources */ = {isa = PBXBuildFile; fileRef = 381A66E91F633FB700E458B1 /* VC_IMA_iOS_SwiftUITests.swift */; };
		381A66F81F63447F00E458B1 /* GoogleInteractiveMediaAds.framework in Frameworks */ = {isa = PBXBuildFile; fileRef = 381A66F71F63447F00E458B1 /* GoogleInteractiveMediaAds.framework */; };
		381A66F91F63447F00E458B1 /* GoogleInteractiveMediaAds.framework in Embed Frameworks */ = {isa = PBXBuildFile; fileRef = 381A66F71F63447F00E458B1 /* GoogleInteractiveMediaAds.framework */; settings = {ATTRIBUTES = (CodeSignOnCopy, RemoveHeadersOnCopy, ); }; };
		EF9D17674B956A1F098980B3 /* Pods_VC_IMA_iOS_Swift.framework in Frameworks */ = {isa = PBXBuildFile; fileRef = A0B1833F11FC2CD8930F8221 /* Pods_VC_IMA_iOS_Swift.framework */; };
/* End PBXBuildFile section */

/* Begin PBXContainerItemProxy section */
		381A66DB1F633FB700E458B1 /* PBXContainerItemProxy */ = {
			isa = PBXContainerItemProxy;
			containerPortal = 381A66BE1F633FB700E458B1 /* Project object */;
			proxyType = 1;
			remoteGlobalIDString = 381A66C51F633FB700E458B1;
			remoteInfo = VC_IMA_iOS_Swift;
		};
		381A66E61F633FB700E458B1 /* PBXContainerItemProxy */ = {
			isa = PBXContainerItemProxy;
			containerPortal = 381A66BE1F633FB700E458B1 /* Project object */;
			proxyType = 1;
			remoteGlobalIDString = 381A66C51F633FB700E458B1;
			remoteInfo = VC_IMA_iOS_Swift;
		};
/* End PBXContainerItemProxy section */

/* Begin PBXCopyFilesBuildPhase section */
		381A66FA1F63447F00E458B1 /* Embed Frameworks */ = {
			isa = PBXCopyFilesBuildPhase;
			buildActionMask = 2147483647;
			dstPath = "";
			dstSubfolderSpec = 10;
			files = (
				381A66F91F63447F00E458B1 /* GoogleInteractiveMediaAds.framework in Embed Frameworks */,
			);
			name = "Embed Frameworks";
			runOnlyForDeploymentPostprocessing = 0;
		};
/* End PBXCopyFilesBuildPhase section */

/* Begin PBXFileReference section */
		381A66C61F633FB700E458B1 /* VC_IMA_iOS_Swift.app */ = {isa = PBXFileReference; explicitFileType = wrapper.application; includeInIndex = 0; path = VC_IMA_iOS_Swift.app; sourceTree = BUILT_PRODUCTS_DIR; };
		381A66C91F633FB700E458B1 /* AppDelegate.swift */ = {isa = PBXFileReference; lastKnownFileType = sourcecode.swift; path = AppDelegate.swift; sourceTree = "<group>"; };
		381A66CB1F633FB700E458B1 /* ViewController.swift */ = {isa = PBXFileReference; lastKnownFileType = sourcecode.swift; path = ViewController.swift; sourceTree = "<group>"; };
		381A66CE1F633FB700E458B1 /* Base */ = {isa = PBXFileReference; lastKnownFileType = file.storyboard; name = Base; path = Base.lproj/Main.storyboard; sourceTree = "<group>"; };
		381A66D01F633FB700E458B1 /* Assets.xcassets */ = {isa = PBXFileReference; lastKnownFileType = folder.assetcatalog; path = Assets.xcassets; sourceTree = "<group>"; };
		381A66D31F633FB700E458B1 /* Base */ = {isa = PBXFileReference; lastKnownFileType = file.storyboard; name = Base; path = Base.lproj/LaunchScreen.storyboard; sourceTree = "<group>"; };
		381A66D51F633FB700E458B1 /* Info.plist */ = {isa = PBXFileReference; lastKnownFileType = text.plist.xml; path = Info.plist; sourceTree = "<group>"; };
		381A66DA1F633FB700E458B1 /* VC_IMA_iOS_SwiftTests.xctest */ = {isa = PBXFileReference; explicitFileType = wrapper.cfbundle; includeInIndex = 0; path = VC_IMA_iOS_SwiftTests.xctest; sourceTree = BUILT_PRODUCTS_DIR; };
		381A66DE1F633FB700E458B1 /* VC_IMA_iOS_SwiftTests.swift */ = {isa = PBXFileReference; lastKnownFileType = sourcecode.swift; path = VC_IMA_iOS_SwiftTests.swift; sourceTree = "<group>"; };
		381A66E01F633FB700E458B1 /* Info.plist */ = {isa = PBXFileReference; lastKnownFileType = text.plist.xml; path = Info.plist; sourceTree = "<group>"; };
		381A66E51F633FB700E458B1 /* VC_IMA_iOS_SwiftUITests.xctest */ = {isa = PBXFileReference; explicitFileType = wrapper.cfbundle; includeInIndex = 0; path = VC_IMA_iOS_SwiftUITests.xctest; sourceTree = BUILT_PRODUCTS_DIR; };
		381A66E91F633FB700E458B1 /* VC_IMA_iOS_SwiftUITests.swift */ = {isa = PBXFileReference; lastKnownFileType = sourcecode.swift; path = VC_IMA_iOS_SwiftUITests.swift; sourceTree = "<group>"; };
		381A66EB1F633FB700E458B1 /* Info.plist */ = {isa = PBXFileReference; lastKnownFileType = text.plist.xml; path = Info.plist; sourceTree = "<group>"; };
		381A66F71F63447F00E458B1 /* GoogleInteractiveMediaAds.framework */ = {isa = PBXFileReference; lastKnownFileType = wrapper.framework; name = GoogleInteractiveMediaAds.framework; path = GoogleInteractiveMediaAds/GoogleInteractiveMediaAds.framework; sourceTree = "<group>"; };
		381A66FB1F6345C000E458B1 /* VC-IMA-Bridging-Header.h */ = {isa = PBXFileReference; lastKnownFileType = sourcecode.c.h; path = "VC-IMA-Bridging-Header.h"; sourceTree = "<group>"; };
		A0B1833F11FC2CD8930F8221 /* Pods_VC_IMA_iOS_Swift.framework */ = {isa = PBXFileReference; explicitFileType = wrapper.framework; includeInIndex = 0; path = Pods_VC_IMA_iOS_Swift.framework; sourceTree = BUILT_PRODUCTS_DIR; };
		B3621ED6FF971D6CE5133EE0 /* Pods-VC_IMA_iOS_Swift.release.xcconfig */ = {isa = PBXFileReference; includeInIndex = 1; lastKnownFileType = text.xcconfig; name = "Pods-VC_IMA_iOS_Swift.release.xcconfig"; path = "Pods/Target Support Files/Pods-VC_IMA_iOS_Swift/Pods-VC_IMA_iOS_Swift.release.xcconfig"; sourceTree = "<group>"; };
		B923853AD1529A22B70590F0 /* Pods-VC_IMA_iOS_Swift.debug.xcconfig */ = {isa = PBXFileReference; includeInIndex = 1; lastKnownFileType = text.xcconfig; name = "Pods-VC_IMA_iOS_Swift.debug.xcconfig"; path = "Pods/Target Support Files/Pods-VC_IMA_iOS_Swift/Pods-VC_IMA_iOS_Swift.debug.xcconfig"; sourceTree = "<group>"; };
/* End PBXFileReference section */

/* Begin PBXFrameworksBuildPhase section */
		381A66C31F633FB700E458B1 /* Frameworks */ = {
			isa = PBXFrameworksBuildPhase;
			buildActionMask = 2147483647;
			files = (
				381A66F81F63447F00E458B1 /* GoogleInteractiveMediaAds.framework in Frameworks */,
				EF9D17674B956A1F098980B3 /* Pods_VC_IMA_iOS_Swift.framework in Frameworks */,
			);
			runOnlyForDeploymentPostprocessing = 0;
		};
		381A66D71F633FB700E458B1 /* Frameworks */ = {
			isa = PBXFrameworksBuildPhase;
			buildActionMask = 2147483647;
			files = (
			);
			runOnlyForDeploymentPostprocessing = 0;
		};
		381A66E21F633FB700E458B1 /* Frameworks */ = {
			isa = PBXFrameworksBuildPhase;
			buildActionMask = 2147483647;
			files = (
			);
			runOnlyForDeploymentPostprocessing = 0;
		};
/* End PBXFrameworksBuildPhase section */

/* Begin PBXGroup section */
		381A66BD1F633FB700E458B1 = {
			isa = PBXGroup;
			children = (
				381A66F71F63447F00E458B1 /* GoogleInteractiveMediaAds.framework */,
				381A66C81F633FB700E458B1 /* VC_IMA_iOS_Swift */,
				381A66DD1F633FB700E458B1 /* VC_IMA_iOS_SwiftTests */,
				381A66E81F633FB700E458B1 /* VC_IMA_iOS_SwiftUITests */,
				381A66C71F633FB700E458B1 /* Products */,
				63DBB4E1AFA3AEC368757FEF /* Pods */,
				5BDC52506D55555210C17732 /* Frameworks */,
			);
			sourceTree = "<group>";
		};
		381A66C71F633FB700E458B1 /* Products */ = {
			isa = PBXGroup;
			children = (
				381A66C61F633FB700E458B1 /* VC_IMA_iOS_Swift.app */,
				381A66DA1F633FB700E458B1 /* VC_IMA_iOS_SwiftTests.xctest */,
				381A66E51F633FB700E458B1 /* VC_IMA_iOS_SwiftUITests.xctest */,
			);
			name = Products;
			sourceTree = "<group>";
		};
		381A66C81F633FB700E458B1 /* VC_IMA_iOS_Swift */ = {
			isa = PBXGroup;
			children = (
				381A66C91F633FB700E458B1 /* AppDelegate.swift */,
				381A66CB1F633FB700E458B1 /* ViewController.swift */,
				381A66CD1F633FB700E458B1 /* Main.storyboard */,
				381A66D01F633FB700E458B1 /* Assets.xcassets */,
				381A66D21F633FB700E458B1 /* LaunchScreen.storyboard */,
				381A66D51F633FB700E458B1 /* Info.plist */,
				381A66FB1F6345C000E458B1 /* VC-IMA-Bridging-Header.h */,
			);
			path = VC_IMA_iOS_Swift;
			sourceTree = "<group>";
		};
		381A66DD1F633FB700E458B1 /* VC_IMA_iOS_SwiftTests */ = {
			isa = PBXGroup;
			children = (
				381A66DE1F633FB700E458B1 /* VC_IMA_iOS_SwiftTests.swift */,
				381A66E01F633FB700E458B1 /* Info.plist */,
			);
			path = VC_IMA_iOS_SwiftTests;
			sourceTree = "<group>";
		};
		381A66E81F633FB700E458B1 /* VC_IMA_iOS_SwiftUITests */ = {
			isa = PBXGroup;
			children = (
				381A66E91F633FB700E458B1 /* VC_IMA_iOS_SwiftUITests.swift */,
				381A66EB1F633FB700E458B1 /* Info.plist */,
			);
			path = VC_IMA_iOS_SwiftUITests;
			sourceTree = "<group>";
		};
		5BDC52506D55555210C17732 /* Frameworks */ = {
			isa = PBXGroup;
			children = (
				A0B1833F11FC2CD8930F8221 /* Pods_VC_IMA_iOS_Swift.framework */,
			);
			name = Frameworks;
			sourceTree = "<group>";
		};
		63DBB4E1AFA3AEC368757FEF /* Pods */ = {
			isa = PBXGroup;
			children = (
				B923853AD1529A22B70590F0 /* Pods-VC_IMA_iOS_Swift.debug.xcconfig */,
				B3621ED6FF971D6CE5133EE0 /* Pods-VC_IMA_iOS_Swift.release.xcconfig */,
			);
			name = Pods;
			sourceTree = "<group>";
		};
/* End PBXGroup section */

/* Begin PBXNativeTarget section */
		381A66C51F633FB700E458B1 /* VC_IMA_iOS_Swift */ = {
			isa = PBXNativeTarget;
			buildConfigurationList = 381A66EE1F633FB700E458B1 /* Build configuration list for PBXNativeTarget "VC_IMA_iOS_Swift" */;
			buildPhases = (
				73E084AE2F249B31D9F734E4 /* [CP] Check Pods Manifest.lock */,
				381A66C21F633FB700E458B1 /* Sources */,
				381A66C31F633FB700E458B1 /* Frameworks */,
				381A66C41F633FB700E458B1 /* Resources */,
				2B67FABE9EC651FEC9F76077 /* [CP] Embed Pods Frameworks */,
				065EE2EF56E3D84277180552 /* [CP] Copy Pods Resources */,
				381A66FA1F63447F00E458B1 /* Embed Frameworks */,
			);
			buildRules = (
			);
			dependencies = (
			);
			name = VC_IMA_iOS_Swift;
			productName = VC_IMA_iOS_Swift;
			productReference = 381A66C61F633FB700E458B1 /* VC_IMA_iOS_Swift.app */;
			productType = "com.apple.product-type.application";
		};
		381A66D91F633FB700E458B1 /* VC_IMA_iOS_SwiftTests */ = {
			isa = PBXNativeTarget;
			buildConfigurationList = 381A66F11F633FB700E458B1 /* Build configuration list for PBXNativeTarget "VC_IMA_iOS_SwiftTests" */;
			buildPhases = (
				381A66D61F633FB700E458B1 /* Sources */,
				381A66D71F633FB700E458B1 /* Frameworks */,
				381A66D81F633FB700E458B1 /* Resources */,
			);
			buildRules = (
			);
			dependencies = (
				381A66DC1F633FB700E458B1 /* PBXTargetDependency */,
			);
			name = VC_IMA_iOS_SwiftTests;
			productName = VC_IMA_iOS_SwiftTests;
			productReference = 381A66DA1F633FB700E458B1 /* VC_IMA_iOS_SwiftTests.xctest */;
			productType = "com.apple.product-type.bundle.unit-test";
		};
		381A66E41F633FB700E458B1 /* VC_IMA_iOS_SwiftUITests */ = {
			isa = PBXNativeTarget;
			buildConfigurationList = 381A66F41F633FB700E458B1 /* Build configuration list for PBXNativeTarget "VC_IMA_iOS_SwiftUITests" */;
			buildPhases = (
				381A66E11F633FB700E458B1 /* Sources */,
				381A66E21F633FB700E458B1 /* Frameworks */,
				381A66E31F633FB700E458B1 /* Resources */,
			);
			buildRules = (
			);
			dependencies = (
				381A66E71F633FB700E458B1 /* PBXTargetDependency */,
			);
			name = VC_IMA_iOS_SwiftUITests;
			productName = VC_IMA_iOS_SwiftUITests;
			productReference = 381A66E51F633FB700E458B1 /* VC_IMA_iOS_SwiftUITests.xctest */;
			productType = "com.apple.product-type.bundle.ui-testing";
		};
/* End PBXNativeTarget section */

/* Begin PBXProject section */
		381A66BE1F633FB700E458B1 /* Project object */ = {
			isa = PBXProject;
			attributes = {
				LastSwiftUpdateCheck = 0830;
				LastUpgradeCheck = 0830;
				ORGANIZATIONNAME = "James Rainville";
				TargetAttributes = {
					381A66C51F633FB700E458B1 = {
						CreatedOnToolsVersion = 8.3.3;
						DevelopmentTeam = PVN9K3KC8B;
						ProvisioningStyle = Automatic;
					};
					381A66D91F633FB700E458B1 = {
						CreatedOnToolsVersion = 8.3.3;
						DevelopmentTeam = PVN9K3KC8B;
						ProvisioningStyle = Automatic;
						TestTargetID = 381A66C51F633FB700E458B1;
					};
					381A66E41F633FB700E458B1 = {
						CreatedOnToolsVersion = 8.3.3;
						DevelopmentTeam = PVN9K3KC8B;
						ProvisioningStyle = Automatic;
						TestTargetID = 381A66C51F633FB700E458B1;
					};
				};
			};
			buildConfigurationList = 381A66C11F633FB700E458B1 /* Build configuration list for PBXProject "VC_IMA_iOS_Swift" */;
			compatibilityVersion = "Xcode 3.2";
			developmentRegion = English;
			hasScannedForEncodings = 0;
			knownRegions = (
				en,
				Base,
			);
			mainGroup = 381A66BD1F633FB700E458B1;
			productRefGroup = 381A66C71F633FB700E458B1 /* Products */;
			projectDirPath = "";
			projectRoot = "";
			targets = (
				381A66C51F633FB700E458B1 /* VC_IMA_iOS_Swift */,
				381A66D91F633FB700E458B1 /* VC_IMA_iOS_SwiftTests */,
				381A66E41F633FB700E458B1 /* VC_IMA_iOS_SwiftUITests */,
			);
		};
/* End PBXProject section */

/* Begin PBXResourcesBuildPhase section */
		381A66C41F633FB700E458B1 /* Resources */ = {
			isa = PBXResourcesBuildPhase;
			buildActionMask = 2147483647;
			files = (
				381A66D41F633FB700E458B1 /* LaunchScreen.storyboard in Resources */,
				381A66D11F633FB700E458B1 /* Assets.xcassets in Resources */,
				381A66CF1F633FB700E458B1 /* Main.storyboard in Resources */,
			);
			runOnlyForDeploymentPostprocessing = 0;
		};
		381A66D81F633FB700E458B1 /* Resources */ = {
			isa = PBXResourcesBuildPhase;
			buildActionMask = 2147483647;
			files = (
			);
			runOnlyForDeploymentPostprocessing = 0;
		};
		381A66E31F633FB700E458B1 /* Resources */ = {
			isa = PBXResourcesBuildPhase;
			buildActionMask = 2147483647;
			files = (
			);
			runOnlyForDeploymentPostprocessing = 0;
		};
/* End PBXResourcesBuildPhase section */

/* Begin PBXShellScriptBuildPhase section */
		065EE2EF56E3D84277180552 /* [CP] Copy Pods Resources */ = {
			isa = PBXShellScriptBuildPhase;
			buildActionMask = 2147483647;
			files = (
			);
			inputPaths = (
				"${SRCROOT}/Pods/Target Support Files/Pods-VC_IMA_iOS_Swift/Pods-VC_IMA_iOS_Swift-resources.sh",
				"$PODS_CONFIGURATION_BUILD_DIR/Brightcove-Player-Core/BCOVPUIResources.bundle",
			);
			name = "[CP] Copy Pods Resources";
			outputPaths = (
				"${TARGET_BUILD_DIR}/${UNLOCALIZED_RESOURCES_FOLDER_PATH}",
			);
			runOnlyForDeploymentPostprocessing = 0;
			shellPath = /bin/sh;
			shellScript = "\"${SRCROOT}/Pods/Target Support Files/Pods-VC_IMA_iOS_Swift/Pods-VC_IMA_iOS_Swift-resources.sh\"\n";
			showEnvVarsInLog = 0;
		};
		2B67FABE9EC651FEC9F76077 /* [CP] Embed Pods Frameworks */ = {
			isa = PBXShellScriptBuildPhase;
			buildActionMask = 2147483647;
			files = (
			);
			inputPaths = (
				"${SRCROOT}/Pods/Target Support Files/Pods-VC_IMA_iOS_Swift/Pods-VC_IMA_iOS_Swift-frameworks.sh",
				"${PODS_ROOT}/Brightcove-Player-Core/ios/dynamic/BrightcovePlayerSDK.framework",
				"${PODS_ROOT}/Brightcove-Player-IMA/ios/BrightcoveIMA.framework",
				"${PODS_ROOT}/GoogleAds-IMA-iOS-SDK/GoogleInteractiveMediaAds/GoogleInteractiveMediaAds.framework",
			);
			name = "[CP] Embed Pods Frameworks";
			outputPaths = (
				"${TARGET_BUILD_DIR}/${FRAMEWORKS_FOLDER_PATH}/BrightcovePlayerSDK.framework",
				"${TARGET_BUILD_DIR}/${FRAMEWORKS_FOLDER_PATH}/BrightcoveIMA.framework",
				"${TARGET_BUILD_DIR}/${FRAMEWORKS_FOLDER_PATH}/GoogleInteractiveMediaAds.framework",
			);
			runOnlyForDeploymentPostprocessing = 0;
			shellPath = /bin/sh;
			shellScript = "\"${SRCROOT}/Pods/Target Support Files/Pods-VC_IMA_iOS_Swift/Pods-VC_IMA_iOS_Swift-frameworks.sh\"\n";
			showEnvVarsInLog = 0;
		};
		73E084AE2F249B31D9F734E4 /* [CP] Check Pods Manifest.lock */ = {
			isa = PBXShellScriptBuildPhase;
			buildActionMask = 2147483647;
			files = (
			);
			inputPaths = (
				"${PODS_PODFILE_DIR_PATH}/Podfile.lock",
				"${PODS_ROOT}/Manifest.lock",
			);
			name = "[CP] Check Pods Manifest.lock";
			outputPaths = (
				"$(DERIVED_FILE_DIR)/Pods-VC_IMA_iOS_Swift-checkManifestLockResult.txt",
			);
			runOnlyForDeploymentPostprocessing = 0;
			shellPath = /bin/sh;
			shellScript = "diff \"${PODS_PODFILE_DIR_PATH}/Podfile.lock\" \"${PODS_ROOT}/Manifest.lock\" > /dev/null\nif [ $? != 0 ] ; then\n    # print error to STDERR\n    echo \"error: The sandbox is not in sync with the Podfile.lock. Run 'pod install' or update your CocoaPods installation.\" >&2\n    exit 1\nfi\n# This output is used by Xcode 'outputs' to avoid re-running this script phase.\necho \"SUCCESS\" > \"${SCRIPT_OUTPUT_FILE_0}\"\n";
			showEnvVarsInLog = 0;
		};
/* End PBXShellScriptBuildPhase section */

/* Begin PBXSourcesBuildPhase section */
		381A66C21F633FB700E458B1 /* Sources */ = {
			isa = PBXSourcesBuildPhase;
			buildActionMask = 2147483647;
			files = (
				381A66CC1F633FB700E458B1 /* ViewController.swift in Sources */,
				381A66CA1F633FB700E458B1 /* AppDelegate.swift in Sources */,
			);
			runOnlyForDeploymentPostprocessing = 0;
		};
		381A66D61F633FB700E458B1 /* Sources */ = {
			isa = PBXSourcesBuildPhase;
			buildActionMask = 2147483647;
			files = (
				381A66DF1F633FB700E458B1 /* VC_IMA_iOS_SwiftTests.swift in Sources */,
			);
			runOnlyForDeploymentPostprocessing = 0;
		};
		381A66E11F633FB700E458B1 /* Sources */ = {
			isa = PBXSourcesBuildPhase;
			buildActionMask = 2147483647;
			files = (
				381A66EA1F633FB700E458B1 /* VC_IMA_iOS_SwiftUITests.swift in Sources */,
			);
			runOnlyForDeploymentPostprocessing = 0;
		};
/* End PBXSourcesBuildPhase section */

/* Begin PBXTargetDependency section */
		381A66DC1F633FB700E458B1 /* PBXTargetDependency */ = {
			isa = PBXTargetDependency;
			target = 381A66C51F633FB700E458B1 /* VC_IMA_iOS_Swift */;
			targetProxy = 381A66DB1F633FB700E458B1 /* PBXContainerItemProxy */;
		};
		381A66E71F633FB700E458B1 /* PBXTargetDependency */ = {
			isa = PBXTargetDependency;
			target = 381A66C51F633FB700E458B1 /* VC_IMA_iOS_Swift */;
			targetProxy = 381A66E61F633FB700E458B1 /* PBXContainerItemProxy */;
		};
/* End PBXTargetDependency section */

/* Begin PBXVariantGroup section */
		381A66CD1F633FB700E458B1 /* Main.storyboard */ = {
			isa = PBXVariantGroup;
			children = (
				381A66CE1F633FB700E458B1 /* Base */,
			);
			name = Main.storyboard;
			sourceTree = "<group>";
		};
		381A66D21F633FB700E458B1 /* LaunchScreen.storyboard */ = {
			isa = PBXVariantGroup;
			children = (
				381A66D31F633FB700E458B1 /* Base */,
			);
			name = LaunchScreen.storyboard;
			sourceTree = "<group>";
		};
/* End PBXVariantGroup section */

/* Begin XCBuildConfiguration section */
		381A66EC1F633FB700E458B1 /* Debug */ = {
			isa = XCBuildConfiguration;
			buildSettings = {
				ALWAYS_SEARCH_USER_PATHS = NO;
				CLANG_ANALYZER_NONNULL = YES;
				CLANG_ANALYZER_NUMBER_OBJECT_CONVERSION = YES_AGGRESSIVE;
				CLANG_CXX_LANGUAGE_STANDARD = "gnu++0x";
				CLANG_CXX_LIBRARY = "libc++";
				CLANG_ENABLE_MODULES = YES;
				CLANG_ENABLE_OBJC_ARC = YES;
				CLANG_WARN_BOOL_CONVERSION = YES;
				CLANG_WARN_CONSTANT_CONVERSION = YES;
				CLANG_WARN_DIRECT_OBJC_ISA_USAGE = YES_ERROR;
				CLANG_WARN_DOCUMENTATION_COMMENTS = YES;
				CLANG_WARN_EMPTY_BODY = YES;
				CLANG_WARN_ENUM_CONVERSION = YES;
				CLANG_WARN_INFINITE_RECURSION = YES;
				CLANG_WARN_INT_CONVERSION = YES;
				CLANG_WARN_OBJC_ROOT_CLASS = YES_ERROR;
				CLANG_WARN_SUSPICIOUS_MOVE = YES;
				CLANG_WARN_UNREACHABLE_CODE = YES;
				CLANG_WARN__DUPLICATE_METHOD_MATCH = YES;
				"CODE_SIGN_IDENTITY[sdk=iphoneos*]" = "iPhone Developer";
				COPY_PHASE_STRIP = NO;
				DEBUG_INFORMATION_FORMAT = dwarf;
				ENABLE_STRICT_OBJC_MSGSEND = YES;
				ENABLE_TESTABILITY = YES;
				GCC_C_LANGUAGE_STANDARD = gnu99;
				GCC_DYNAMIC_NO_PIC = NO;
				GCC_NO_COMMON_BLOCKS = YES;
				GCC_OPTIMIZATION_LEVEL = 0;
				GCC_PREPROCESSOR_DEFINITIONS = (
					"DEBUG=1",
					"$(inherited)",
				);
				GCC_WARN_64_TO_32_BIT_CONVERSION = YES;
				GCC_WARN_ABOUT_RETURN_TYPE = YES_ERROR;
				GCC_WARN_UNDECLARED_SELECTOR = YES;
				GCC_WARN_UNINITIALIZED_AUTOS = YES_AGGRESSIVE;
				GCC_WARN_UNUSED_FUNCTION = YES;
				GCC_WARN_UNUSED_VARIABLE = YES;
				IPHONEOS_DEPLOYMENT_TARGET = 10.3;
				MTL_ENABLE_DEBUG_INFO = YES;
				ONLY_ACTIVE_ARCH = YES;
				SDKROOT = iphoneos;
				SWIFT_ACTIVE_COMPILATION_CONDITIONS = DEBUG;
				SWIFT_OPTIMIZATION_LEVEL = "-Onone";
				TARGETED_DEVICE_FAMILY = "1,2";
			};
			name = Debug;
		};
		381A66ED1F633FB700E458B1 /* Release */ = {
			isa = XCBuildConfiguration;
			buildSettings = {
				ALWAYS_SEARCH_USER_PATHS = NO;
				CLANG_ANALYZER_NONNULL = YES;
				CLANG_ANALYZER_NUMBER_OBJECT_CONVERSION = YES_AGGRESSIVE;
				CLANG_CXX_LANGUAGE_STANDARD = "gnu++0x";
				CLANG_CXX_LIBRARY = "libc++";
				CLANG_ENABLE_MODULES = YES;
				CLANG_ENABLE_OBJC_ARC = YES;
				CLANG_WARN_BOOL_CONVERSION = YES;
				CLANG_WARN_CONSTANT_CONVERSION = YES;
				CLANG_WARN_DIRECT_OBJC_ISA_USAGE = YES_ERROR;
				CLANG_WARN_DOCUMENTATION_COMMENTS = YES;
				CLANG_WARN_EMPTY_BODY = YES;
				CLANG_WARN_ENUM_CONVERSION = YES;
				CLANG_WARN_INFINITE_RECURSION = YES;
				CLANG_WARN_INT_CONVERSION = YES;
				CLANG_WARN_OBJC_ROOT_CLASS = YES_ERROR;
				CLANG_WARN_SUSPICIOUS_MOVE = YES;
				CLANG_WARN_UNREACHABLE_CODE = YES;
				CLANG_WARN__DUPLICATE_METHOD_MATCH = YES;
				"CODE_SIGN_IDENTITY[sdk=iphoneos*]" = "iPhone Developer";
				COPY_PHASE_STRIP = NO;
				DEBUG_INFORMATION_FORMAT = "dwarf-with-dsym";
				ENABLE_NS_ASSERTIONS = NO;
				ENABLE_STRICT_OBJC_MSGSEND = YES;
				GCC_C_LANGUAGE_STANDARD = gnu99;
				GCC_NO_COMMON_BLOCKS = YES;
				GCC_WARN_64_TO_32_BIT_CONVERSION = YES;
				GCC_WARN_ABOUT_RETURN_TYPE = YES_ERROR;
				GCC_WARN_UNDECLARED_SELECTOR = YES;
				GCC_WARN_UNINITIALIZED_AUTOS = YES_AGGRESSIVE;
				GCC_WARN_UNUSED_FUNCTION = YES;
				GCC_WARN_UNUSED_VARIABLE = YES;
				IPHONEOS_DEPLOYMENT_TARGET = 10.3;
				MTL_ENABLE_DEBUG_INFO = NO;
				SDKROOT = iphoneos;
				SWIFT_OPTIMIZATION_LEVEL = "-Owholemodule";
				TARGETED_DEVICE_FAMILY = "1,2";
				VALIDATE_PRODUCT = YES;
			};
			name = Release;
		};
		381A66EF1F633FB700E458B1 /* Debug */ = {
			isa = XCBuildConfiguration;
			baseConfigurationReference = B923853AD1529A22B70590F0 /* Pods-VC_IMA_iOS_Swift.debug.xcconfig */;
			buildSettings = {
				ASSETCATALOG_COMPILER_APPICON_NAME = AppIcon;
				DEVELOPMENT_TEAM = PVN9K3KC8B;
				FRAMEWORK_SEARCH_PATHS = (
					"$(inherited)",
					"$(PROJECT_DIR)/GoogleInteractiveMediaAds",
				);
				INFOPLIST_FILE = VC_IMA_iOS_Swift/Info.plist;
				LD_RUNPATH_SEARCH_PATHS = "$(inherited) @executable_path/Frameworks";
				PRODUCT_BUNDLE_IDENTIFIER = "net.rainville.VC-IMA-iOS-Swift";
				PRODUCT_NAME = "$(TARGET_NAME)";
				SWIFT_OBJC_BRIDGING_HEADER = "VC_IMA_iOS_Swift/VC-IMA-Bridging-Header.h";
				SWIFT_VERSION = 3.0;
			};
			name = Debug;
		};
		381A66F01F633FB700E458B1 /* Release */ = {
			isa = XCBuildConfiguration;
			baseConfigurationReference = B3621ED6FF971D6CE5133EE0 /* Pods-VC_IMA_iOS_Swift.release.xcconfig */;
			buildSettings = {
				ASSETCATALOG_COMPILER_APPICON_NAME = AppIcon;
				DEVELOPMENT_TEAM = PVN9K3KC8B;
				FRAMEWORK_SEARCH_PATHS = (
					"$(inherited)",
					"$(PROJECT_DIR)/GoogleInteractiveMediaAds",
				);
				INFOPLIST_FILE = VC_IMA_iOS_Swift/Info.plist;
				LD_RUNPATH_SEARCH_PATHS = "$(inherited) @executable_path/Frameworks";
				PRODUCT_BUNDLE_IDENTIFIER = "net.rainville.VC-IMA-iOS-Swift";
				PRODUCT_NAME = "$(TARGET_NAME)";
				SWIFT_OBJC_BRIDGING_HEADER = "VC_IMA_iOS_Swift/VC-IMA-Bridging-Header.h";
				SWIFT_VERSION = 3.0;
			};
			name = Release;
		};
		381A66F21F633FB700E458B1 /* Debug */ = {
			isa = XCBuildConfiguration;
			buildSettings = {
				ALWAYS_EMBED_SWIFT_STANDARD_LIBRARIES = YES;
				BUNDLE_LOADER = "$(TEST_HOST)";
				DEVELOPMENT_TEAM = PVN9K3KC8B;
				INFOPLIST_FILE = VC_IMA_iOS_SwiftTests/Info.plist;
				LD_RUNPATH_SEARCH_PATHS = "$(inherited) @executable_path/Frameworks @loader_path/Frameworks";
				PRODUCT_BUNDLE_IDENTIFIER = "net.rainville.VC-IMA-iOS-SwiftTests";
				PRODUCT_NAME = "$(TARGET_NAME)";
				SWIFT_VERSION = 3.0;
				TEST_HOST = "$(BUILT_PRODUCTS_DIR)/VC_IMA_iOS_Swift.app/VC_IMA_iOS_Swift";
			};
			name = Debug;
		};
		381A66F31F633FB700E458B1 /* Release */ = {
			isa = XCBuildConfiguration;
			buildSettings = {
				ALWAYS_EMBED_SWIFT_STANDARD_LIBRARIES = YES;
				BUNDLE_LOADER = "$(TEST_HOST)";
				DEVELOPMENT_TEAM = PVN9K3KC8B;
				INFOPLIST_FILE = VC_IMA_iOS_SwiftTests/Info.plist;
				LD_RUNPATH_SEARCH_PATHS = "$(inherited) @executable_path/Frameworks @loader_path/Frameworks";
				PRODUCT_BUNDLE_IDENTIFIER = "net.rainville.VC-IMA-iOS-SwiftTests";
				PRODUCT_NAME = "$(TARGET_NAME)";
				SWIFT_VERSION = 3.0;
				TEST_HOST = "$(BUILT_PRODUCTS_DIR)/VC_IMA_iOS_Swift.app/VC_IMA_iOS_Swift";
			};
			name = Release;
		};
		381A66F51F633FB700E458B1 /* Debug */ = {
			isa = XCBuildConfiguration;
			buildSettings = {
				ALWAYS_EMBED_SWIFT_STANDARD_LIBRARIES = YES;
				DEVELOPMENT_TEAM = PVN9K3KC8B;
				INFOPLIST_FILE = VC_IMA_iOS_SwiftUITests/Info.plist;
				LD_RUNPATH_SEARCH_PATHS = "$(inherited) @executable_path/Frameworks @loader_path/Frameworks";
				PRODUCT_BUNDLE_IDENTIFIER = "net.rainville.VC-IMA-iOS-SwiftUITests";
				PRODUCT_NAME = "$(TARGET_NAME)";
				SWIFT_VERSION = 3.0;
				TEST_TARGET_NAME = VC_IMA_iOS_Swift;
			};
			name = Debug;
		};
		381A66F61F633FB700E458B1 /* Release */ = {
			isa = XCBuildConfiguration;
			buildSettings = {
				ALWAYS_EMBED_SWIFT_STANDARD_LIBRARIES = YES;
				DEVELOPMENT_TEAM = PVN9K3KC8B;
				INFOPLIST_FILE = VC_IMA_iOS_SwiftUITests/Info.plist;
				LD_RUNPATH_SEARCH_PATHS = "$(inherited) @executable_path/Frameworks @loader_path/Frameworks";
				PRODUCT_BUNDLE_IDENTIFIER = "net.rainville.VC-IMA-iOS-SwiftUITests";
				PRODUCT_NAME = "$(TARGET_NAME)";
				SWIFT_VERSION = 3.0;
				TEST_TARGET_NAME = VC_IMA_iOS_Swift;
			};
			name = Release;
		};
/* End XCBuildConfiguration section */

/* Begin XCConfigurationList section */
		381A66C11F633FB700E458B1 /* Build configuration list for PBXProject "VC_IMA_iOS_Swift" */ = {
			isa = XCConfigurationList;
			buildConfigurations = (
				381A66EC1F633FB700E458B1 /* Debug */,
				381A66ED1F633FB700E458B1 /* Release */,
			);
			defaultConfigurationIsVisible = 0;
			defaultConfigurationName = Release;
		};
		381A66EE1F633FB700E458B1 /* Build configuration list for PBXNativeTarget "VC_IMA_iOS_Swift" */ = {
			isa = XCConfigurationList;
			buildConfigurations = (
				381A66EF1F633FB700E458B1 /* Debug */,
				381A66F01F633FB700E458B1 /* Release */,
			);
			defaultConfigurationIsVisible = 0;
			defaultConfigurationName = Release;
		};
		381A66F11F633FB700E458B1 /* Build configuration list for PBXNativeTarget "VC_IMA_iOS_SwiftTests" */ = {
			isa = XCConfigurationList;
			buildConfigurations = (
				381A66F21F633FB700E458B1 /* Debug */,
				381A66F31F633FB700E458B1 /* Release */,
			);
			defaultConfigurationIsVisible = 0;
			defaultConfigurationName = Release;
		};
		381A66F41F633FB700E458B1 /* Build configuration list for PBXNativeTarget "VC_IMA_iOS_SwiftUITests" */ = {
			isa = XCConfigurationList;
			buildConfigurations = (
				381A66F51F633FB700E458B1 /* Debug */,
				381A66F61F633FB700E458B1 /* Release */,
			);
			defaultConfigurationIsVisible = 0;
			defaultConfigurationName = Release;
		};
/* End XCConfigurationList section */
	};
	rootObject = 381A66BE1F633FB700E458B1 /* Project object */;
}
